// !$*UTF8*$!
{
	archiveVersion = 1;
	classes = {
	};
	objectVersion = 56;
	objects = {

/* Begin PBXBuildFile section */
		77DA28A02D47FB2900C22074 /* SceneDelegate.swift in Sources */ = {isa = PBXBuildFile; fileRef = 77DA289F2D47FB2900C22074 /* SceneDelegate.swift */; };
		77DA28A32D47FF9000C22074 /* NoteModel.swift in Sources */ = {isa = PBXBuildFile; fileRef = 77DA28A22D47FF9000C22074 /* NoteModel.swift */; };
		77DA28A52D48094400C22074 /* NoteViewModel.swift in Sources */ = {isa = PBXBuildFile; fileRef = 77DA28A42D48094400C22074 /* NoteViewModel.swift */; };
		77DA28A72D4FE6FD00C22074 /* NotesRouter.swift in Sources */ = {isa = PBXBuildFile; fileRef = 77DA28A62D4FE6FC00C22074 /* NotesRouter.swift */; };
		77DA28A92D53D95A00C22074 /* NotesTableViewCell.swift in Sources */ = {isa = PBXBuildFile; fileRef = 77DA28A82D53D95A00C22074 /* NotesTableViewCell.swift */; };
		77DA28AB2D56754C00C22074 /* NoteViewController.swift in Sources */ = {isa = PBXBuildFile; fileRef = 77DA28AA2D56754C00C22074 /* NoteViewController.swift */; };
		77DA28B12D5A5F6900C22074 /* Protocols.swift in Sources */ = {isa = PBXBuildFile; fileRef = 77DA28B02D5A5F6900C22074 /* Protocols.swift */; };
		77DA28B52D5D20CE00C22074 /* DateFormatterHelper.swift in Sources */ = {isa = PBXBuildFile; fileRef = 77DA28B42D5D20CE00C22074 /* DateFormatterHelper.swift */; };
		77F06D252D1C631F00D29193 /* AppDelegate.swift in Sources */ = {isa = PBXBuildFile; fileRef = 77F06D242D1C631F00D29193 /* AppDelegate.swift */; };
		77F06D292D1C631F00D29193 /* NoteMainViewController.swift in Sources */ = {isa = PBXBuildFile; fileRef = 77F06D282D1C631F00D29193 /* NoteMainViewController.swift */; };
		77F06D2E2D1C632100D29193 /* Assets.xcassets in Resources */ = {isa = PBXBuildFile; fileRef = 77F06D2D2D1C632100D29193 /* Assets.xcassets */; };
		77F06D312D1C632100D29193 /* Base in Resources */ = {isa = PBXBuildFile; fileRef = 77F06D302D1C632100D29193 /* Base */; };
		77F06D3C2D1C632100D29193 /* NotesTests.swift in Sources */ = {isa = PBXBuildFile; fileRef = 77F06D3B2D1C632100D29193 /* NotesTests.swift */; };
		77F06D462D1C632100D29193 /* NotesUITests.swift in Sources */ = {isa = PBXBuildFile; fileRef = 77F06D452D1C632100D29193 /* NotesUITests.swift */; };
		77F06D482D1C632200D29193 /* NotesUITestsLaunchTests.swift in Sources */ = {isa = PBXBuildFile; fileRef = 77F06D472D1C632200D29193 /* NotesUITestsLaunchTests.swift */; };
/* End PBXBuildFile section */

/* Begin PBXContainerItemProxy section */
		77F06D382D1C632100D29193 /* PBXContainerItemProxy */ = {
			isa = PBXContainerItemProxy;
			containerPortal = 77F06D192D1C631F00D29193 /* Project object */;
			proxyType = 1;
			remoteGlobalIDString = 77F06D202D1C631F00D29193;
			remoteInfo = Notes;
		};
		77F06D422D1C632100D29193 /* PBXContainerItemProxy */ = {
			isa = PBXContainerItemProxy;
			containerPortal = 77F06D192D1C631F00D29193 /* Project object */;
			proxyType = 1;
			remoteGlobalIDString = 77F06D202D1C631F00D29193;
			remoteInfo = Notes;
		};
/* End PBXContainerItemProxy section */

/* Begin PBXFileReference section */
		77DA289F2D47FB2900C22074 /* SceneDelegate.swift */ = {isa = PBXFileReference; lastKnownFileType = sourcecode.swift; path = SceneDelegate.swift; sourceTree = "<group>"; };
		77DA28A22D47FF9000C22074 /* NoteModel.swift */ = {isa = PBXFileReference; lastKnownFileType = sourcecode.swift; path = NoteModel.swift; sourceTree = "<group>"; };
		77DA28A42D48094400C22074 /* NoteViewModel.swift */ = {isa = PBXFileReference; lastKnownFileType = sourcecode.swift; path = NoteViewModel.swift; sourceTree = "<group>"; };
		77DA28A62D4FE6FC00C22074 /* NotesRouter.swift */ = {isa = PBXFileReference; lastKnownFileType = sourcecode.swift; path = NotesRouter.swift; sourceTree = "<group>"; };
		77DA28A82D53D95A00C22074 /* NotesTableViewCell.swift */ = {isa = PBXFileReference; lastKnownFileType = sourcecode.swift; path = NotesTableViewCell.swift; sourceTree = "<group>"; };
		77DA28AA2D56754C00C22074 /* NoteViewController.swift */ = {isa = PBXFileReference; lastKnownFileType = sourcecode.swift; path = NoteViewController.swift; sourceTree = "<group>"; };
		77DA28B02D5A5F6900C22074 /* Protocols.swift */ = {isa = PBXFileReference; lastKnownFileType = sourcecode.swift; path = Protocols.swift; sourceTree = "<group>"; };
		77DA28B42D5D20CE00C22074 /* DateFormatterHelper.swift */ = {isa = PBXFileReference; lastKnownFileType = sourcecode.swift; path = DateFormatterHelper.swift; sourceTree = "<group>"; };
		77F06D212D1C631F00D29193 /* Notes.app */ = {isa = PBXFileReference; explicitFileType = wrapper.application; includeInIndex = 0; path = Notes.app; sourceTree = BUILT_PRODUCTS_DIR; };
		77F06D242D1C631F00D29193 /* AppDelegate.swift */ = {isa = PBXFileReference; lastKnownFileType = sourcecode.swift; path = AppDelegate.swift; sourceTree = "<group>"; };
		77F06D282D1C631F00D29193 /* NoteMainViewController.swift */ = {isa = PBXFileReference; lastKnownFileType = sourcecode.swift; path = NoteMainViewController.swift; sourceTree = "<group>"; };
		77F06D2D2D1C632100D29193 /* Assets.xcassets */ = {isa = PBXFileReference; lastKnownFileType = folder.assetcatalog; path = Assets.xcassets; sourceTree = "<group>"; };
		77F06D302D1C632100D29193 /* Base */ = {isa = PBXFileReference; lastKnownFileType = file.storyboard; name = Base; path = Base.lproj/LaunchScreen.storyboard; sourceTree = "<group>"; };
		77F06D322D1C632100D29193 /* Info.plist */ = {isa = PBXFileReference; lastKnownFileType = text.plist.xml; path = Info.plist; sourceTree = "<group>"; };
		77F06D372D1C632100D29193 /* NotesTests.xctest */ = {isa = PBXFileReference; explicitFileType = wrapper.cfbundle; includeInIndex = 0; path = NotesTests.xctest; sourceTree = BUILT_PRODUCTS_DIR; };
		77F06D3B2D1C632100D29193 /* NotesTests.swift */ = {isa = PBXFileReference; lastKnownFileType = sourcecode.swift; path = NotesTests.swift; sourceTree = "<group>"; };
		77F06D412D1C632100D29193 /* NotesUITests.xctest */ = {isa = PBXFileReference; explicitFileType = wrapper.cfbundle; includeInIndex = 0; path = NotesUITests.xctest; sourceTree = BUILT_PRODUCTS_DIR; };
		77F06D452D1C632100D29193 /* NotesUITests.swift */ = {isa = PBXFileReference; lastKnownFileType = sourcecode.swift; path = NotesUITests.swift; sourceTree = "<group>"; };
		77F06D472D1C632200D29193 /* NotesUITestsLaunchTests.swift */ = {isa = PBXFileReference; lastKnownFileType = sourcecode.swift; path = NotesUITestsLaunchTests.swift; sourceTree = "<group>"; };
/* End PBXFileReference section */

/* Begin PBXFrameworksBuildPhase section */
		77F06D1E2D1C631F00D29193 /* Frameworks */ = {
			isa = PBXFrameworksBuildPhase;
			buildActionMask = 2147483647;
			files = (
			);
			runOnlyForDeploymentPostprocessing = 0;
		};
		77F06D342D1C632100D29193 /* Frameworks */ = {
			isa = PBXFrameworksBuildPhase;
			buildActionMask = 2147483647;
			files = (
			);
			runOnlyForDeploymentPostprocessing = 0;
		};
		77F06D3E2D1C632100D29193 /* Frameworks */ = {
			isa = PBXFrameworksBuildPhase;
			buildActionMask = 2147483647;
			files = (
			);
			runOnlyForDeploymentPostprocessing = 0;
		};
/* End PBXFrameworksBuildPhase section */

/* Begin PBXGroup section */
		77DA289C2D47F99600C22074 /* Models */ = {
			isa = PBXGroup;
			children = (
				77DA28A22D47FF9000C22074 /* NoteModel.swift */,
			);
			path = Models;
			sourceTree = "<group>";
		};
		77DA289D2D47F9A100C22074 /* Views */ = {
			isa = PBXGroup;
			children = (
				77F06D282D1C631F00D29193 /* NoteMainViewController.swift */,
				77DA28AA2D56754C00C22074 /* NoteViewController.swift */,
			);
			path = Views;
			sourceTree = "<group>";
		};
		77DA289E2D47F9AC00C22074 /* ViewModels */ = {
			isa = PBXGroup;
			children = (
				77DA28A42D48094400C22074 /* NoteViewModel.swift */,
			);
			path = ViewModels;
			sourceTree = "<group>";
		};
		77DA28A12D47FC4F00C22074 /* Notes */ = {
			isa = PBXGroup;
			children = (
				77DA289C2D47F99600C22074 /* Models */,
				77DA289D2D47F9A100C22074 /* Views */,
				77DA289E2D47F9AC00C22074 /* ViewModels */,
				77DA28A62D4FE6FC00C22074 /* NotesRouter.swift */,
				77DA28AD2D59295A00C22074 /* Animations */,
				77DA28A82D53D95A00C22074 /* NotesTableViewCell.swift */,
				77DA28B02D5A5F6900C22074 /* Protocols.swift */,
				77DA28B42D5D20CE00C22074 /* DateFormatterHelper.swift */,
			);
			path = Notes;
			sourceTree = "<group>";
		};
		77DA28AD2D59295A00C22074 /* Animations */ = {
			isa = PBXGroup;
			children = (
			);
			path = Animations;
			sourceTree = "<group>";
		};
		77F06D182D1C631F00D29193 = {
			isa = PBXGroup;
			children = (
				77F06D232D1C631F00D29193 /* Notes */,
				77F06D3A2D1C632100D29193 /* NotesTests */,
				77F06D442D1C632100D29193 /* NotesUITests */,
				77F06D222D1C631F00D29193 /* Products */,
			);
			sourceTree = "<group>";
		};
		77F06D222D1C631F00D29193 /* Products */ = {
			isa = PBXGroup;
			children = (
				77F06D212D1C631F00D29193 /* Notes.app */,
				77F06D372D1C632100D29193 /* NotesTests.xctest */,
				77F06D412D1C632100D29193 /* NotesUITests.xctest */,
			);
			name = Products;
			sourceTree = "<group>";
		};
		77F06D232D1C631F00D29193 /* Notes */ = {
			isa = PBXGroup;
			children = (
				77F06D242D1C631F00D29193 /* AppDelegate.swift */,
				77DA289F2D47FB2900C22074 /* SceneDelegate.swift */,
				77DA28A12D47FC4F00C22074 /* Notes */,
				77F06D2D2D1C632100D29193 /* Assets.xcassets */,
				77F06D2F2D1C632100D29193 /* LaunchScreen.storyboard */,
				77F06D322D1C632100D29193 /* Info.plist */,
			);
			path = Notes;
			sourceTree = "<group>";
		};
		77F06D3A2D1C632100D29193 /* NotesTests */ = {
			isa = PBXGroup;
			children = (
				77F06D3B2D1C632100D29193 /* NotesTests.swift */,
			);
			path = NotesTests;
			sourceTree = "<group>";
		};
		77F06D442D1C632100D29193 /* NotesUITests */ = {
			isa = PBXGroup;
			children = (
				77F06D452D1C632100D29193 /* NotesUITests.swift */,
				77F06D472D1C632200D29193 /* NotesUITestsLaunchTests.swift */,
			);
			path = NotesUITests;
			sourceTree = "<group>";
		};
/* End PBXGroup section */

/* Begin PBXNativeTarget section */
		77F06D202D1C631F00D29193 /* Notes */ = {
			isa = PBXNativeTarget;
			buildConfigurationList = 77F06D4B2D1C632200D29193 /* Build configuration list for PBXNativeTarget "Notes" */;
			buildPhases = (
				77F06D1D2D1C631F00D29193 /* Sources */,
				77F06D1E2D1C631F00D29193 /* Frameworks */,
				77F06D1F2D1C631F00D29193 /* Resources */,
			);
			buildRules = (
			);
			dependencies = (
			);
			name = Notes;
			productName = Notes;
			productReference = 77F06D212D1C631F00D29193 /* Notes.app */;
			productType = "com.apple.product-type.application";
		};
		77F06D362D1C632100D29193 /* NotesTests */ = {
			isa = PBXNativeTarget;
			buildConfigurationList = 77F06D4E2D1C632200D29193 /* Build configuration list for PBXNativeTarget "NotesTests" */;
			buildPhases = (
				77F06D332D1C632100D29193 /* Sources */,
				77F06D342D1C632100D29193 /* Frameworks */,
				77F06D352D1C632100D29193 /* Resources */,
			);
			buildRules = (
			);
			dependencies = (
				77F06D392D1C632100D29193 /* PBXTargetDependency */,
			);
			name = NotesTests;
			productName = NotesTests;
			productReference = 77F06D372D1C632100D29193 /* NotesTests.xctest */;
			productType = "com.apple.product-type.bundle.unit-test";
		};
		77F06D402D1C632100D29193 /* NotesUITests */ = {
			isa = PBXNativeTarget;
			buildConfigurationList = 77F06D512D1C632200D29193 /* Build configuration list for PBXNativeTarget "NotesUITests" */;
			buildPhases = (
				77F06D3D2D1C632100D29193 /* Sources */,
				77F06D3E2D1C632100D29193 /* Frameworks */,
				77F06D3F2D1C632100D29193 /* Resources */,
			);
			buildRules = (
			);
			dependencies = (
				77F06D432D1C632100D29193 /* PBXTargetDependency */,
			);
			name = NotesUITests;
			productName = NotesUITests;
			productReference = 77F06D412D1C632100D29193 /* NotesUITests.xctest */;
			productType = "com.apple.product-type.bundle.ui-testing";
		};
/* End PBXNativeTarget section */

/* Begin PBXProject section */
		77F06D192D1C631F00D29193 /* Project object */ = {
			isa = PBXProject;
			attributes = {
				BuildIndependentTargetsInParallel = 1;
				LastSwiftUpdateCheck = 1530;
				LastUpgradeCheck = 1530;
				TargetAttributes = {
					77F06D202D1C631F00D29193 = {
						CreatedOnToolsVersion = 15.3;
					};
					77F06D362D1C632100D29193 = {
						CreatedOnToolsVersion = 15.3;
						TestTargetID = 77F06D202D1C631F00D29193;
					};
					77F06D402D1C632100D29193 = {
						CreatedOnToolsVersion = 15.3;
						TestTargetID = 77F06D202D1C631F00D29193;
					};
				};
			};
			buildConfigurationList = 77F06D1C2D1C631F00D29193 /* Build configuration list for PBXProject "Notes" */;
			compatibilityVersion = "Xcode 14.0";
			developmentRegion = en;
			hasScannedForEncodings = 0;
			knownRegions = (
				en,
				Base,
			);
			mainGroup = 77F06D182D1C631F00D29193;
			productRefGroup = 77F06D222D1C631F00D29193 /* Products */;
			projectDirPath = "";
			projectRoot = "";
			targets = (
				77F06D202D1C631F00D29193 /* Notes */,
				77F06D362D1C632100D29193 /* NotesTests */,
				77F06D402D1C632100D29193 /* NotesUITests */,
			);
		};
/* End PBXProject section */

/* Begin PBXResourcesBuildPhase section */
		77F06D1F2D1C631F00D29193 /* Resources */ = {
			isa = PBXResourcesBuildPhase;
			buildActionMask = 2147483647;
			files = (
				77F06D2E2D1C632100D29193 /* Assets.xcassets in Resources */,
				77F06D312D1C632100D29193 /* Base in Resources */,
			);
			runOnlyForDeploymentPostprocessing = 0;
		};
		77F06D352D1C632100D29193 /* Resources */ = {
			isa = PBXResourcesBuildPhase;
			buildActionMask = 2147483647;
			files = (
			);
			runOnlyForDeploymentPostprocessing = 0;
		};
		77F06D3F2D1C632100D29193 /* Resources */ = {
			isa = PBXResourcesBuildPhase;
			buildActionMask = 2147483647;
			files = (
			);
			runOnlyForDeploymentPostprocessing = 0;
		};
/* End PBXResourcesBuildPhase section */

/* Begin PBXSourcesBuildPhase section */
		77F06D1D2D1C631F00D29193 /* Sources */ = {
			isa = PBXSourcesBuildPhase;
			buildActionMask = 2147483647;
			files = (
				77DA28A52D48094400C22074 /* NoteViewModel.swift in Sources */,
				77F06D292D1C631F00D29193 /* NoteMainViewController.swift in Sources */,
				77DA28A32D47FF9000C22074 /* NoteModel.swift in Sources */,
				77DA28B12D5A5F6900C22074 /* Protocols.swift in Sources */,
				77F06D252D1C631F00D29193 /* AppDelegate.swift in Sources */,
				77DA28A72D4FE6FD00C22074 /* NotesRouter.swift in Sources */,
				77DA28B52D5D20CE00C22074 /* DateFormatterHelper.swift in Sources */,
				77DA28A92D53D95A00C22074 /* NotesTableViewCell.swift in Sources */,
				77DA28A02D47FB2900C22074 /* SceneDelegate.swift in Sources */,
				77DA28AB2D56754C00C22074 /* NoteViewController.swift in Sources */,
			);
			runOnlyForDeploymentPostprocessing = 0;
		};
		77F06D332D1C632100D29193 /* Sources */ = {
			isa = PBXSourcesBuildPhase;
			buildActionMask = 2147483647;
			files = (
				77F06D3C2D1C632100D29193 /* NotesTests.swift in Sources */,
			);
			runOnlyForDeploymentPostprocessing = 0;
		};
		77F06D3D2D1C632100D29193 /* Sources */ = {
			isa = PBXSourcesBuildPhase;
			buildActionMask = 2147483647;
			files = (
				77F06D482D1C632200D29193 /* NotesUITestsLaunchTests.swift in Sources */,
				77F06D462D1C632100D29193 /* NotesUITests.swift in Sources */,
			);
			runOnlyForDeploymentPostprocessing = 0;
		};
/* End PBXSourcesBuildPhase section */

/* Begin PBXTargetDependency section */
		77F06D392D1C632100D29193 /* PBXTargetDependency */ = {
			isa = PBXTargetDependency;
			target = 77F06D202D1C631F00D29193 /* Notes */;
			targetProxy = 77F06D382D1C632100D29193 /* PBXContainerItemProxy */;
		};
		77F06D432D1C632100D29193 /* PBXTargetDependency */ = {
			isa = PBXTargetDependency;
			target = 77F06D202D1C631F00D29193 /* Notes */;
			targetProxy = 77F06D422D1C632100D29193 /* PBXContainerItemProxy */;
		};
/* End PBXTargetDependency section */

/* Begin PBXVariantGroup section */
		77F06D2F2D1C632100D29193 /* LaunchScreen.storyboard */ = {
			isa = PBXVariantGroup;
			children = (
				77F06D302D1C632100D29193 /* Base */,
			);
			name = LaunchScreen.storyboard;
			sourceTree = "<group>";
		};
/* End PBXVariantGroup section */

/* Begin XCBuildConfiguration section */
		77F06D492D1C632200D29193 /* Debug */ = {
			isa = XCBuildConfiguration;
			buildSettings = {
				ALWAYS_SEARCH_USER_PATHS = NO;
				ASSETCATALOG_COMPILER_GENERATE_SWIFT_ASSET_SYMBOL_EXTENSIONS = YES;
				CLANG_ANALYZER_NONNULL = YES;
				CLANG_ANALYZER_NUMBER_OBJECT_CONVERSION = YES_AGGRESSIVE;
				CLANG_CXX_LANGUAGE_STANDARD = "gnu++20";
				CLANG_ENABLE_MODULES = YES;
				CLANG_ENABLE_OBJC_ARC = YES;
				CLANG_ENABLE_OBJC_WEAK = YES;
				CLANG_WARN_BLOCK_CAPTURE_AUTORELEASING = YES;
				CLANG_WARN_BOOL_CONVERSION = YES;
				CLANG_WARN_COMMA = YES;
				CLANG_WARN_CONSTANT_CONVERSION = YES;
				CLANG_WARN_DEPRECATED_OBJC_IMPLEMENTATIONS = YES;
				CLANG_WARN_DIRECT_OBJC_ISA_USAGE = YES_ERROR;
				CLANG_WARN_DOCUMENTATION_COMMENTS = YES;
				CLANG_WARN_EMPTY_BODY = YES;
				CLANG_WARN_ENUM_CONVERSION = YES;
				CLANG_WARN_INFINITE_RECURSION = YES;
				CLANG_WARN_INT_CONVERSION = YES;
				CLANG_WARN_NON_LITERAL_NULL_CONVERSION = YES;
				CLANG_WARN_OBJC_IMPLICIT_RETAIN_SELF = YES;
				CLANG_WARN_OBJC_LITERAL_CONVERSION = YES;
				CLANG_WARN_OBJC_ROOT_CLASS = YES_ERROR;
				CLANG_WARN_QUOTED_INCLUDE_IN_FRAMEWORK_HEADER = YES;
				CLANG_WARN_RANGE_LOOP_ANALYSIS = YES;
				CLANG_WARN_STRICT_PROTOTYPES = YES;
				CLANG_WARN_SUSPICIOUS_MOVE = YES;
				CLANG_WARN_UNGUARDED_AVAILABILITY = YES_AGGRESSIVE;
				CLANG_WARN_UNREACHABLE_CODE = YES;
				CLANG_WARN__DUPLICATE_METHOD_MATCH = YES;
				COPY_PHASE_STRIP = NO;
				DEBUG_INFORMATION_FORMAT = dwarf;
				ENABLE_STRICT_OBJC_MSGSEND = YES;
				ENABLE_TESTABILITY = YES;
				ENABLE_USER_SCRIPT_SANDBOXING = YES;
				GCC_C_LANGUAGE_STANDARD = gnu17;
				GCC_DYNAMIC_NO_PIC = NO;
				GCC_NO_COMMON_BLOCKS = YES;
				GCC_OPTIMIZATION_LEVEL = 0;
				GCC_PREPROCESSOR_DEFINITIONS = (
					"DEBUG=1",
					"$(inherited)",
				);
				GCC_WARN_64_TO_32_BIT_CONVERSION = YES;
				GCC_WARN_ABOUT_RETURN_TYPE = YES_ERROR;
				GCC_WARN_UNDECLARED_SELECTOR = YES;
				GCC_WARN_UNINITIALIZED_AUTOS = YES_AGGRESSIVE;
				GCC_WARN_UNUSED_FUNCTION = YES;
				GCC_WARN_UNUSED_VARIABLE = YES;
				IPHONEOS_DEPLOYMENT_TARGET = 17.4;
				LOCALIZATION_PREFERS_STRING_CATALOGS = YES;
				MTL_ENABLE_DEBUG_INFO = INCLUDE_SOURCE;
				MTL_FAST_MATH = YES;
				ONLY_ACTIVE_ARCH = YES;
				SDKROOT = iphoneos;
				SWIFT_ACTIVE_COMPILATION_CONDITIONS = "DEBUG $(inherited)";
				SWIFT_OPTIMIZATION_LEVEL = "-Onone";
			};
			name = Debug;
		};
		77F06D4A2D1C632200D29193 /* Release */ = {
			isa = XCBuildConfiguration;
			buildSettings = {
				ALWAYS_SEARCH_USER_PATHS = NO;
				ASSETCATALOG_COMPILER_GENERATE_SWIFT_ASSET_SYMBOL_EXTENSIONS = YES;
				CLANG_ANALYZER_NONNULL = YES;
				CLANG_ANALYZER_NUMBER_OBJECT_CONVERSION = YES_AGGRESSIVE;
				CLANG_CXX_LANGUAGE_STANDARD = "gnu++20";
				CLANG_ENABLE_MODULES = YES;
				CLANG_ENABLE_OBJC_ARC = YES;
				CLANG_ENABLE_OBJC_WEAK = YES;
				CLANG_WARN_BLOCK_CAPTURE_AUTORELEASING = YES;
				CLANG_WARN_BOOL_CONVERSION = YES;
				CLANG_WARN_COMMA = YES;
				CLANG_WARN_CONSTANT_CONVERSION = YES;
				CLANG_WARN_DEPRECATED_OBJC_IMPLEMENTATIONS = YES;
				CLANG_WARN_DIRECT_OBJC_ISA_USAGE = YES_ERROR;
				CLANG_WARN_DOCUMENTATION_COMMENTS = YES;
				CLANG_WARN_EMPTY_BODY = YES;
				CLANG_WARN_ENUM_CONVERSION = YES;
				CLANG_WARN_INFINITE_RECURSION = YES;
				CLANG_WARN_INT_CONVERSION = YES;
				CLANG_WARN_NON_LITERAL_NULL_CONVERSION = YES;
				CLANG_WARN_OBJC_IMPLICIT_RETAIN_SELF = YES;
				CLANG_WARN_OBJC_LITERAL_CONVERSION = YES;
				CLANG_WARN_OBJC_ROOT_CLASS = YES_ERROR;
				CLANG_WARN_QUOTED_INCLUDE_IN_FRAMEWORK_HEADER = YES;
				CLANG_WARN_RANGE_LOOP_ANALYSIS = YES;
				CLANG_WARN_STRICT_PROTOTYPES = YES;
				CLANG_WARN_SUSPICIOUS_MOVE = YES;
				CLANG_WARN_UNGUARDED_AVAILABILITY = YES_AGGRESSIVE;
				CLANG_WARN_UNREACHABLE_CODE = YES;
				CLANG_WARN__DUPLICATE_METHOD_MATCH = YES;
				COPY_PHASE_STRIP = NO;
				DEBUG_INFORMATION_FORMAT = "dwarf-with-dsym";
				ENABLE_NS_ASSERTIONS = NO;
				ENABLE_STRICT_OBJC_MSGSEND = YES;
				ENABLE_USER_SCRIPT_SANDBOXING = YES;
				GCC_C_LANGUAGE_STANDARD = gnu17;
				GCC_NO_COMMON_BLOCKS = YES;
				GCC_WARN_64_TO_32_BIT_CONVERSION = YES;
				GCC_WARN_ABOUT_RETURN_TYPE = YES_ERROR;
				GCC_WARN_UNDECLARED_SELECTOR = YES;
				GCC_WARN_UNINITIALIZED_AUTOS = YES_AGGRESSIVE;
				GCC_WARN_UNUSED_FUNCTION = YES;
				GCC_WARN_UNUSED_VARIABLE = YES;
				IPHONEOS_DEPLOYMENT_TARGET = 17.4;
				LOCALIZATION_PREFERS_STRING_CATALOGS = YES;
				MTL_ENABLE_DEBUG_INFO = NO;
				MTL_FAST_MATH = YES;
				SDKROOT = iphoneos;
				SWIFT_COMPILATION_MODE = wholemodule;
				VALIDATE_PRODUCT = YES;
			};
			name = Release;
		};
		77F06D4C2D1C632200D29193 /* Debug */ = {
			isa = XCBuildConfiguration;
			buildSettings = {
				ASSETCATALOG_COMPILER_APPICON_NAME = AppIcon;
				ASSETCATALOG_COMPILER_GLOBAL_ACCENT_COLOR_NAME = AccentColor;
				CODE_SIGN_STYLE = Automatic;
				CURRENT_PROJECT_VERSION = 1;
				GENERATE_INFOPLIST_FILE = YES;
				INFOPLIST_FILE = Notes/Info.plist;
				INFOPLIST_KEY_UIApplicationSupportsIndirectInputEvents = YES;
				INFOPLIST_KEY_UILaunchStoryboardName = LaunchScreen;
				INFOPLIST_KEY_UISupportedInterfaceOrientations_iPad = "UIInterfaceOrientationPortrait UIInterfaceOrientationPortraitUpsideDown UIInterfaceOrientationLandscapeLeft UIInterfaceOrientationLandscapeRight";
				INFOPLIST_KEY_UISupportedInterfaceOrientations_iPhone = "UIInterfaceOrientationPortrait UIInterfaceOrientationLandscapeLeft UIInterfaceOrientationLandscapeRight";
				LD_RUNPATH_SEARCH_PATHS = (
					"$(inherited)",
					"@executable_path/Frameworks",
				);
				MARKETING_VERSION = 1.0;
				PRODUCT_BUNDLE_IDENTIFIER = com.Notes;
				PRODUCT_NAME = "$(TARGET_NAME)";
				SWIFT_EMIT_LOC_STRINGS = YES;
				SWIFT_VERSION = 5.0;
				TARGETED_DEVICE_FAMILY = "1,2";
			};
			name = Debug;
		};
		77F06D4D2D1C632200D29193 /* Release */ = {
			isa = XCBuildConfiguration;
			buildSettings = {
				ASSETCATALOG_COMPILER_APPICON_NAME = AppIcon;
				ASSETCATALOG_COMPILER_GLOBAL_ACCENT_COLOR_NAME = AccentColor;
				CODE_SIGN_STYLE = Automatic;
				CURRENT_PROJECT_VERSION = 1;
				GENERATE_INFOPLIST_FILE = YES;
				INFOPLIST_FILE = Notes/Info.plist;
				INFOPLIST_KEY_UIApplicationSupportsIndirectInputEvents = YES;
				INFOPLIST_KEY_UILaunchStoryboardName = LaunchScreen;
				INFOPLIST_KEY_UISupportedInterfaceOrientations_iPad = "UIInterfaceOrientationPortrait UIInterfaceOrientationPortraitUpsideDown UIInterfaceOrientationLandscapeLeft UIInterfaceOrientationLandscapeRight";
				INFOPLIST_KEY_UISupportedInterfaceOrientations_iPhone = "UIInterfaceOrientationPortrait UIInterfaceOrientationLandscapeLeft UIInterfaceOrientationLandscapeRight";
				LD_RUNPATH_SEARCH_PATHS = (
					"$(inherited)",
					"@executable_path/Frameworks",
				);
				MARKETING_VERSION = 1.0;
				PRODUCT_BUNDLE_IDENTIFIER = com.Notes;
				PRODUCT_NAME = "$(TARGET_NAME)";
				SWIFT_EMIT_LOC_STRINGS = YES;
				SWIFT_VERSION = 5.0;
				TARGETED_DEVICE_FAMILY = "1,2";
			};
			name = Release;
		};
		77F06D4F2D1C632200D29193 /* Debug */ = {
			isa = XCBuildConfiguration;
			buildSettings = {
				ALWAYS_EMBED_SWIFT_STANDARD_LIBRARIES = YES;
				BUNDLE_LOADER = "$(TEST_HOST)";
				CODE_SIGN_STYLE = Automatic;
				CURRENT_PROJECT_VERSION = 1;
				GENERATE_INFOPLIST_FILE = YES;
				IPHONEOS_DEPLOYMENT_TARGET = 17.4;
				MARKETING_VERSION = 1.0;
				PRODUCT_BUNDLE_IDENTIFIER = com.NotesTests;
				PRODUCT_NAME = "$(TARGET_NAME)";
				SWIFT_EMIT_LOC_STRINGS = NO;
				SWIFT_VERSION = 5.0;
				TARGETED_DEVICE_FAMILY = "1,2";
				TEST_HOST = "$(BUILT_PRODUCTS_DIR)/Notes.app/$(BUNDLE_EXECUTABLE_FOLDER_PATH)/Notes";
			};
			name = Debug;
		};
		77F06D502D1C632200D29193 /* Release */ = {
			isa = XCBuildConfiguration;
			buildSettings = {
				ALWAYS_EMBED_SWIFT_STANDARD_LIBRARIES = YES;
				BUNDLE_LOADER = "$(TEST_HOST)";
				CODE_SIGN_STYLE = Automatic;
				CURRENT_PROJECT_VERSION = 1;
				GENERATE_INFOPLIST_FILE = YES;
				IPHONEOS_DEPLOYMENT_TARGET = 17.4;
				MARKETING_VERSION = 1.0;
				PRODUCT_BUNDLE_IDENTIFIER = com.NotesTests;
				PRODUCT_NAME = "$(TARGET_NAME)";
				SWIFT_EMIT_LOC_STRINGS = NO;
				SWIFT_VERSION = 5.0;
				TARGETED_DEVICE_FAMILY = "1,2";
				TEST_HOST = "$(BUILT_PRODUCTS_DIR)/Notes.app/$(BUNDLE_EXECUTABLE_FOLDER_PATH)/Notes";
			};
			name = Release;
		};
		77F06D522D1C632200D29193 /* Debug */ = {
			isa = XCBuildConfiguration;
			buildSettings = {
				ALWAYS_EMBED_SWIFT_STANDARD_LIBRARIES = YES;
				CODE_SIGN_STYLE = Automatic;
				CURRENT_PROJECT_VERSION = 1;
				GENERATE_INFOPLIST_FILE = YES;
				MARKETING_VERSION = 1.0;
				PRODUCT_BUNDLE_IDENTIFIER = com.NotesUITests;
				PRODUCT_NAME = "$(TARGET_NAME)";
				SWIFT_EMIT_LOC_STRINGS = NO;
				SWIFT_VERSION = 5.0;
				TARGETED_DEVICE_FAMILY = "1,2";
				TEST_TARGET_NAME = Notes;
			};
			name = Debug;
		};
		77F06D532D1C632200D29193 /* Release */ = {
			isa = XCBuildConfiguration;
			buildSettings = {
				ALWAYS_EMBED_SWIFT_STANDARD_LIBRARIES = YES;
				CODE_SIGN_STYLE = Automatic;
				CURRENT_PROJECT_VERSION = 1;
				GENERATE_INFOPLIST_FILE = YES;
				MARKETING_VERSION = 1.0;
				PRODUCT_BUNDLE_IDENTIFIER = com.NotesUITests;
				PRODUCT_NAME = "$(TARGET_NAME)";
				SWIFT_EMIT_LOC_STRINGS = NO;
				SWIFT_VERSION = 5.0;
				TARGETED_DEVICE_FAMILY = "1,2";
				TEST_TARGET_NAME = Notes;
			};
			name = Release;
		};
/* End XCBuildConfiguration section */

/* Begin XCConfigurationList section */
		77F06D1C2D1C631F00D29193 /* Build configuration list for PBXProject "Notes" */ = {
			isa = XCConfigurationList;
			buildConfigurations = (
				77F06D492D1C632200D29193 /* Debug */,
				77F06D4A2D1C632200D29193 /* Release */,
			);
			defaultConfigurationIsVisible = 0;
			defaultConfigurationName = Release;
		};
		77F06D4B2D1C632200D29193 /* Build configuration list for PBXNativeTarget "Notes" */ = {
			isa = XCConfigurationList;
			buildConfigurations = (
				77F06D4C2D1C632200D29193 /* Debug */,
				77F06D4D2D1C632200D29193 /* Release */,
			);
			defaultConfigurationIsVisible = 0;
			defaultConfigurationName = Release;
		};
		77F06D4E2D1C632200D29193 /* Build configuration list for PBXNativeTarget "NotesTests" */ = {
			isa = XCConfigurationList;
			buildConfigurations = (
				77F06D4F2D1C632200D29193 /* Debug */,
				77F06D502D1C632200D29193 /* Release */,
			);
			defaultConfigurationIsVisible = 0;
			defaultConfigurationName = Release;
		};
		77F06D512D1C632200D29193 /* Build configuration list for PBXNativeTarget "NotesUITests" */ = {
			isa = XCConfigurationList;
			buildConfigurations = (
				77F06D522D1C632200D29193 /* Debug */,
				77F06D532D1C632200D29193 /* Release */,
			);
			defaultConfigurationIsVisible = 0;
			defaultConfigurationName = Release;
		};
/* End XCConfigurationList section */
	};
	rootObject = 77F06D192D1C631F00D29193 /* Project object */;
}
